
Microsoft Visual Studio Solution File, Format Version 12.00
# Visual Studio Version 17
VisualStudioVersion = 17.4.33110.190
MinimumVisualStudioVersion = 10.0.40219.1
Project("{FAE04EC0-301F-11D3-BF4B-00C04F79EFBC}") = "FFBitrateViewer", "FFBitrateViewer.csproj", "{8D618B0D-D9F3-4F33-966A-1C648020CD3A}"
EndProject
Global
	GlobalSection(SolutionConfigurationPlatforms) = preSolution
		Debug|Any CPU = Debug|Any CPU
		Release|Any CPU = Release|Any CPU
	EndGlobalSection
	GlobalSection(ProjectConfigurationPlatforms) = postSolution
		{8D618B0D-D9F3-4F33-966A-1C648020CD3A}.Debug|Any CPU.ActiveCfg = Debug|Any CPU
		{8D618B0D-D9F3-4F33-966A-1C648020CD3A}.Debug|Any CPU.Build.0 = Debug|Any CPU
		{8D618B0D-D9F3-4F33-966A-1C648020CD3A}.Release|Any CPU.ActiveCfg = Release|Any CPU
		{8D618B0D-D9F3-4F33-966A-1C648020CD3A}.Release|Any CPU.Build.0 = Release|Any CPU
	EndGlobalSection
	GlobalSection(SolutionProperties) = preSolution
		HideSolutionNode = FALSE
	EndGlobalSection
	GlobalSection(ExtensibilityGlobals) = postSolution
		SolutionGuid = {991EF20F-1DA0-4C87-9DEE-198031A244A8}
	EndGlobalSection
EndGlobal
